// !$*UTF8*$!
{
	archiveVersion = 1;
	classes = {
	};
	objectVersion = 50;
	objects = {

/* Begin PBXBuildFile section */
		330F3433234279B40058A059 /* SceneDelegate.swift in Sources */ = {isa = PBXBuildFile; fileRef = 3382AFF823426243007AC517 /* SceneDelegate.swift */; };
		330F343523427C280058A059 /* UIImage+Scaling.swift in Sources */ = {isa = PBXBuildFile; fileRef = 330F343423427C280058A059 /* UIImage+Scaling.swift */; };
		3382AFF723426243007AC517 /* AppDelegate.swift in Sources */ = {isa = PBXBuildFile; fileRef = 3382AFF623426243007AC517 /* AppDelegate.swift */; };
		3382AFFB23426243007AC517 /* ImageFilterViewController.swift in Sources */ = {isa = PBXBuildFile; fileRef = 3382AFFA23426243007AC517 /* ImageFilterViewController.swift */; };
		3382AFFE23426243007AC517 /* Main.storyboard in Resources */ = {isa = PBXBuildFile; fileRef = 3382AFFC23426243007AC517 /* Main.storyboard */; };
		3382B00023426245007AC517 /* Assets.xcassets in Resources */ = {isa = PBXBuildFile; fileRef = 3382AFFF23426245007AC517 /* Assets.xcassets */; };
		3382B00323426245007AC517 /* LaunchScreen.storyboard in Resources */ = {isa = PBXBuildFile; fileRef = 3382B00123426245007AC517 /* LaunchScreen.storyboard */; };
/* End PBXBuildFile section */

/* Begin PBXFileReference section */
		330F343423427C280058A059 /* UIImage+Scaling.swift */ = {isa = PBXFileReference; lastKnownFileType = sourcecode.swift; path = "UIImage+Scaling.swift"; sourceTree = "<group>"; };
		3382AFF323426243007AC517 /* iOS8 Photo Filter.app */ = {isa = PBXFileReference; explicitFileType = wrapper.application; includeInIndex = 0; path = "iOS8 Photo Filter.app"; sourceTree = BUILT_PRODUCTS_DIR; };
		3382AFF623426243007AC517 /* AppDelegate.swift */ = {isa = PBXFileReference; lastKnownFileType = sourcecode.swift; path = AppDelegate.swift; sourceTree = "<group>"; };
		3382AFF823426243007AC517 /* SceneDelegate.swift */ = {isa = PBXFileReference; lastKnownFileType = sourcecode.swift; path = SceneDelegate.swift; sourceTree = "<group>"; };
		3382AFFA23426243007AC517 /* ImageFilterViewController.swift */ = {isa = PBXFileReference; lastKnownFileType = sourcecode.swift; path = ImageFilterViewController.swift; sourceTree = "<group>"; };
		3382AFFD23426243007AC517 /* Base */ = {isa = PBXFileReference; lastKnownFileType = file.storyboard; name = Base; path = Base.lproj/Main.storyboard; sourceTree = "<group>"; };
		3382AFFF23426245007AC517 /* Assets.xcassets */ = {isa = PBXFileReference; lastKnownFileType = folder.assetcatalog; path = Assets.xcassets; sourceTree = "<group>"; };
		3382B00223426245007AC517 /* Base */ = {isa = PBXFileReference; lastKnownFileType = file.storyboard; name = Base; path = Base.lproj/LaunchScreen.storyboard; sourceTree = "<group>"; };
		3382B00423426245007AC517 /* Info.plist */ = {isa = PBXFileReference; lastKnownFileType = text.plist.xml; path = Info.plist; sourceTree = "<group>"; };
/* End PBXFileReference section */

/* Begin PBXFrameworksBuildPhase section */
		3382AFF023426243007AC517 /* Frameworks */ = {
			isa = PBXFrameworksBuildPhase;
			buildActionMask = 2147483647;
			files = (
			);
			runOnlyForDeploymentPostprocessing = 0;
		};
/* End PBXFrameworksBuildPhase section */

/* Begin PBXGroup section */
		3382AFEA23426243007AC517 = {
			isa = PBXGroup;
			children = (
				3382AFF523426243007AC517 /* iOS8 Photo Filter */,
				3382AFF423426243007AC517 /* Products */,
			);
			sourceTree = "<group>";
		};
		3382AFF423426243007AC517 /* Products */ = {
			isa = PBXGroup;
			children = (
				3382AFF323426243007AC517 /* iOS8 Photo Filter.app */,
			);
			name = Products;
			sourceTree = "<group>";
		};
		3382AFF523426243007AC517 /* iOS8 Photo Filter */ = {
			isa = PBXGroup;
			children = (
				3382AFF623426243007AC517 /* AppDelegate.swift */,
				3382AFF823426243007AC517 /* SceneDelegate.swift */,
				3382AFFA23426243007AC517 /* ImageFilterViewController.swift */,
				3382AFFC23426243007AC517 /* Main.storyboard */,
				3382AFFF23426245007AC517 /* Assets.xcassets */,
				3382B00123426245007AC517 /* LaunchScreen.storyboard */,
				3382B00423426245007AC517 /* Info.plist */,
				330F343423427C280058A059 /* UIImage+Scaling.swift */,
			);
			path = "iOS8 Photo Filter";
			sourceTree = "<group>";
		};
/* End PBXGroup section */

/* Begin PBXNativeTarget section */
		3382AFF223426243007AC517 /* iOS8 Photo Filter */ = {
			isa = PBXNativeTarget;
			buildConfigurationList = 3382B00723426245007AC517 /* Build configuration list for PBXNativeTarget "iOS8 Photo Filter" */;
			buildPhases = (
				3382AFEF23426243007AC517 /* Sources */,
				3382AFF023426243007AC517 /* Frameworks */,
				3382AFF123426243007AC517 /* Resources */,
			);
			buildRules = (
			);
			dependencies = (
			);
			name = "iOS8 Photo Filter";
			productName = "iOS8 Photo Filter";
			productReference = 3382AFF323426243007AC517 /* iOS8 Photo Filter.app */;
			productType = "com.apple.product-type.application";
		};
/* End PBXNativeTarget section */

/* Begin PBXProject section */
		3382AFEB23426243007AC517 /* Project object */ = {
			isa = PBXProject;
			attributes = {
				LastSwiftUpdateCheck = 1100;
				LastUpgradeCheck = 1100;
				ORGANIZATIONNAME = "Red_Egg Productions";
				TargetAttributes = {
					3382AFF223426243007AC517 = {
						CreatedOnToolsVersion = 11.0;
					};
				};
			};
			buildConfigurationList = 3382AFEE23426243007AC517 /* Build configuration list for PBXProject "iOS8 Photo Filter" */;
			compatibilityVersion = "Xcode 9.3";
			developmentRegion = en;
			hasScannedForEncodings = 0;
			knownRegions = (
				en,
				Base,
			);
			mainGroup = 3382AFEA23426243007AC517;
			productRefGroup = 3382AFF423426243007AC517 /* Products */;
			projectDirPath = "";
			projectRoot = "";
			targets = (
				3382AFF223426243007AC517 /* iOS8 Photo Filter */,
			);
		};
/* End PBXProject section */

/* Begin PBXResourcesBuildPhase section */
		3382AFF123426243007AC517 /* Resources */ = {
			isa = PBXResourcesBuildPhase;
			buildActionMask = 2147483647;
			files = (
				3382B00323426245007AC517 /* LaunchScreen.storyboard in Resources */,
				3382B00023426245007AC517 /* Assets.xcassets in Resources */,
				3382AFFE23426243007AC517 /* Main.storyboard in Resources */,
			);
			runOnlyForDeploymentPostprocessing = 0;
		};
/* End PBXResourcesBuildPhase section */

/* Begin PBXSourcesBuildPhase section */
		3382AFEF23426243007AC517 /* Sources */ = {
			isa = PBXSourcesBuildPhase;
			buildActionMask = 2147483647;
			files = (
				3382AFFB23426243007AC517 /* ImageFilterViewController.swift in Sources */,
				330F343523427C280058A059 /* UIImage+Scaling.swift in Sources */,
				3382AFF723426243007AC517 /* AppDelegate.swift in Sources */,
				330F3433234279B40058A059 /* SceneDelegate.swift in Sources */,
			);
			runOnlyForDeploymentPostprocessing = 0;
		};
/* End PBXSourcesBuildPhase section */

/* Begin PBXVariantGroup section */
		3382AFFC23426243007AC517 /* Main.storyboard */ = {
			isa = PBXVariantGroup;
			children = (
				3382AFFD23426243007AC517 /* Base */,
			);
			name = Main.storyboard;
			sourceTree = "<group>";
		};
		3382B00123426245007AC517 /* LaunchScreen.storyboard */ = {
			isa = PBXVariantGroup;
			children = (
				3382B00223426245007AC517 /* Base */,
			);
			name = LaunchScreen.storyboard;
			sourceTree = "<group>";
		};
/* End PBXVariantGroup section */

/* Begin XCBuildConfiguration section */
		3382B00523426245007AC517 /* Debug */ = {
			isa = XCBuildConfiguration;
			buildSettings = {
				ALWAYS_SEARCH_USER_PATHS = NO;
				CLANG_ANALYZER_NONNULL = YES;
				CLANG_ANALYZER_NUMBER_OBJECT_CONVERSION = YES_AGGRESSIVE;
				CLANG_CXX_LANGUAGE_STANDARD = "gnu++14";
				CLANG_CXX_LIBRARY = "libc++";
				CLANG_ENABLE_MODULES = YES;
				CLANG_ENABLE_OBJC_ARC = YES;
				CLANG_ENABLE_OBJC_WEAK = YES;
				CLANG_WARN_BLOCK_CAPTURE_AUTORELEASING = YES;
				CLANG_WARN_BOOL_CONVERSION = YES;
				CLANG_WARN_COMMA = YES;
				CLANG_WARN_CONSTANT_CONVERSION = YES;
				CLANG_WARN_DEPRECATED_OBJC_IMPLEMENTATIONS = YES;
				CLANG_WARN_DIRECT_OBJC_ISA_USAGE = YES_ERROR;
				CLANG_WARN_DOCUMENTATION_COMMENTS = YES;
				CLANG_WARN_EMPTY_BODY = YES;
				CLANG_WARN_ENUM_CONVERSION = YES;
				CLANG_WARN_INFINITE_RECURSION = YES;
				CLANG_WARN_INT_CONVERSION = YES;
				CLANG_WARN_NON_LITERAL_NULL_CONVERSION = YES;
				CLANG_WARN_OBJC_IMPLICIT_RETAIN_SELF = YES;
				CLANG_WARN_OBJC_LITERAL_CONVERSION = YES;
				CLANG_WARN_OBJC_ROOT_CLASS = YES_ERROR;
				CLANG_WARN_RANGE_LOOP_ANALYSIS = YES;
				CLANG_WARN_STRICT_PROTOTYPES = YES;
				CLANG_WARN_SUSPICIOUS_MOVE = YES;
				CLANG_WARN_UNGUARDED_AVAILABILITY = YES_AGGRESSIVE;
				CLANG_WARN_UNREACHABLE_CODE = YES;
				CLANG_WARN__DUPLICATE_METHOD_MATCH = YES;
				COPY_PHASE_STRIP = NO;
				DEBUG_INFORMATION_FORMAT = dwarf;
				ENABLE_STRICT_OBJC_MSGSEND = YES;
				ENABLE_TESTABILITY = YES;
				GCC_C_LANGUAGE_STANDARD = gnu11;
				GCC_DYNAMIC_NO_PIC = NO;
				GCC_NO_COMMON_BLOCKS = YES;
				GCC_OPTIMIZATION_LEVEL = 0;
				GCC_PREPROCESSOR_DEFINITIONS = (
					"DEBUG=1",
					"$(inherited)",
				);
				GCC_WARN_64_TO_32_BIT_CONVERSION = YES;
				GCC_WARN_ABOUT_RETURN_TYPE = YES_ERROR;
				GCC_WARN_UNDECLARED_SELECTOR = YES;
				GCC_WARN_UNINITIALIZED_AUTOS = YES_AGGRESSIVE;
				GCC_WARN_UNUSED_FUNCTION = YES;
				GCC_WARN_UNUSED_VARIABLE = YES;
				IPHONEOS_DEPLOYMENT_TARGET = 13.0;
				MTL_ENABLE_DEBUG_INFO = INCLUDE_SOURCE;
				MTL_FAST_MATH = YES;
				ONLY_ACTIVE_ARCH = YES;
				SDKROOT = iphoneos;
				SWIFT_ACTIVE_COMPILATION_CONDITIONS = DEBUG;
				SWIFT_OPTIMIZATION_LEVEL = "-Onone";
			};
			name = Debug;
		};
		3382B00623426245007AC517 /* Release */ = {
			isa = XCBuildConfiguration;
			buildSettings = {
				ALWAYS_SEARCH_USER_PATHS = NO;
				CLANG_ANALYZER_NONNULL = YES;
				CLANG_ANALYZER_NUMBER_OBJECT_CONVERSION = YES_AGGRESSIVE;
				CLANG_CXX_LANGUAGE_STANDARD = "gnu++14";
				CLANG_CXX_LIBRARY = "libc++";
				CLANG_ENABLE_MODULES = YES;
				CLANG_ENABLE_OBJC_ARC = YES;
				CLANG_ENABLE_OBJC_WEAK = YES;
				CLANG_WARN_BLOCK_CAPTURE_AUTORELEASING = YES;
				CLANG_WARN_BOOL_CONVERSION = YES;
				CLANG_WARN_COMMA = YES;
				CLANG_WARN_CONSTANT_CONVERSION = YES;
				CLANG_WARN_DEPRECATED_OBJC_IMPLEMENTATIONS = YES;
				CLANG_WARN_DIRECT_OBJC_ISA_USAGE = YES_ERROR;
				CLANG_WARN_DOCUMENTATION_COMMENTS = YES;
				CLANG_WARN_EMPTY_BODY = YES;
				CLANG_WARN_ENUM_CONVERSION = YES;
				CLANG_WARN_INFINITE_RECURSION = YES;
				CLANG_WARN_INT_CONVERSION = YES;
				CLANG_WARN_NON_LITERAL_NULL_CONVERSION = YES;
				CLANG_WARN_OBJC_IMPLICIT_RETAIN_SELF = YES;
				CLANG_WARN_OBJC_LITERAL_CONVERSION = YES;
				CLANG_WARN_OBJC_ROOT_CLASS = YES_ERROR;
				CLANG_WARN_RANGE_LOOP_ANALYSIS = YES;
				CLANG_WARN_STRICT_PROTOTYPES = YES;
				CLANG_WARN_SUSPICIOUS_MOVE = YES;
				CLANG_WARN_UNGUARDED_AVAILABILITY = YES_AGGRESSIVE;
				CLANG_WARN_UNREACHABLE_CODE = YES;
				CLANG_WARN__DUPLICATE_METHOD_MATCH = YES;
				COPY_PHASE_STRIP = NO;
				DEBUG_INFORMATION_FORMAT = "dwarf-with-dsym";
				ENABLE_NS_ASSERTIONS = NO;
				ENABLE_STRICT_OBJC_MSGSEND = YES;
				GCC_C_LANGUAGE_STANDARD = gnu11;
				GCC_NO_COMMON_BLOCKS = YES;
				GCC_WARN_64_TO_32_BIT_CONVERSION = YES;
				GCC_WARN_ABOUT_RETURN_TYPE = YES_ERROR;
				GCC_WARN_UNDECLARED_SELECTOR = YES;
				GCC_WARN_UNINITIALIZED_AUTOS = YES_AGGRESSIVE;
				GCC_WARN_UNUSED_FUNCTION = YES;
				GCC_WARN_UNUSED_VARIABLE = YES;
				IPHONEOS_DEPLOYMENT_TARGET = 13.0;
				MTL_ENABLE_DEBUG_INFO = NO;
				MTL_FAST_MATH = YES;
				SDKROOT = iphoneos;
				SWIFT_COMPILATION_MODE = wholemodule;
				SWIFT_OPTIMIZATION_LEVEL = "-O";
				VALIDATE_PRODUCT = YES;
			};
			name = Release;
		};
		3382B00823426245007AC517 /* Debug */ = {
			isa = XCBuildConfiguration;
			buildSettings = {
				ASSETCATALOG_COMPILER_APPICON_NAME = AppIcon;
				CODE_SIGN_STYLE = Automatic;
				DEVELOPMENT_TEAM = L5UZAT7KA9;
				INFOPLIST_FILE = "iOS8 Photo Filter/Info.plist";
				IPHONEOS_DEPLOYMENT_TARGET = 13.0;
				LD_RUNPATH_SEARCH_PATHS = (
					"$(inherited)",
					"@executable_path/Frameworks",
				);
				PRODUCT_BUNDLE_IDENTIFIER = "com.redeggproductions.iOS8-Photo-Filter";
				PRODUCT_NAME = "$(TARGET_NAME)";
				SWIFT_VERSION = 5.0;
				TARGETED_DEVICE_FAMILY = "1,2";
			};
			name = Debug;
		};
		3382B00923426245007AC517 /* Release */ = {
			isa = XCBuildConfiguration;
			buildSettings = {
				ASSETCATALOG_COMPILER_APPICON_NAME = AppIcon;
				CODE_SIGN_STYLE = Automatic;
				DEVELOPMENT_TEAM = L5UZAT7KA9;
				INFOPLIST_FILE = "iOS8 Photo Filter/Info.plist";
				IPHONEOS_DEPLOYMENT_TARGET = 13.0;
				LD_RUNPATH_SEARCH_PATHS = (
					"$(inherited)",
					"@executable_path/Frameworks",
				);
				PRODUCT_BUNDLE_IDENTIFIER = "com.redeggproductions.iOS8-Photo-Filter";
				PRODUCT_NAME = "$(TARGET_NAME)";
				SWIFT_VERSION = 5.0;
				TARGETED_DEVICE_FAMILY = "1,2";
			};
			name = Release;
		};
/* End XCBuildConfiguration section */

/* Begin XCConfigurationList section */
		3382AFEE23426243007AC517 /* Build configuration list for PBXProject "iOS8 Photo Filter" */ = {
			isa = XCConfigurationList;
			buildConfigurations = (
				3382B00523426245007AC517 /* Debug */,
				3382B00623426245007AC517 /* Release */,
			);
			defaultConfigurationIsVisible = 0;
			defaultConfigurationName = Release;
		};
		3382B00723426245007AC517 /* Build configuration list for PBXNativeTarget "iOS8 Photo Filter" */ = {
			isa = XCConfigurationList;
			buildConfigurations = (
				3382B00823426245007AC517 /* Debug */,
				3382B00923426245007AC517 /* Release */,
			);
			defaultConfigurationIsVisible = 0;
			defaultConfigurationName = Release;
		};
/* End XCConfigurationList section */
	};
	rootObject = 3382AFEB23426243007AC517 /* Project object */;
}
